
Microsoft Visual Studio Solution File, Format Version 12.00
Project("{FAE04EC0-301F-11D3-BF4B-00C04F79EFBC}") = "Tweetbook", "Tweetbook\Tweetbook.csproj", "{A79744DE-2C60-439B-8037-0B5CC30732C0}"
EndProject
Global
	GlobalSection(SolutionConfigurationPlatforms) = preSolution
		Debug|Any CPU = Debug|Any CPU
		Release|Any CPU = Release|Any CPU
	EndGlobalSection
	GlobalSection(ProjectConfigurationPlatforms) = postSolution
		{A79744DE-2C60-439B-8037-0B5CC30732C0}.Debug|Any CPU.ActiveCfg = Debug|Any CPU
		{A79744DE-2C60-439B-8037-0B5CC30732C0}.Debug|Any CPU.Build.0 = Debug|Any CPU
		{A79744DE-2C60-439B-8037-0B5CC30732C0}.Release|Any CPU.ActiveCfg = Release|Any CPU
		{A79744DE-2C60-439B-8037-0B5CC30732C0}.Release|Any CPU.Build.0 = Release|Any CPU
	EndGlobalSection
EndGlobal
